Microsoft Visual Studio Solution File, Format Version 12.00
# Visual Studio Version 17
VisualStudioVersion = 17.5.2.0
MinimumVisualStudioVersion = 10.0.40219.1
Project("{FAE04EC0-301F-11D3-BF4B-00C04F79EFBC}") = "PhotoOrderApi", "PhotoOrderApi.csproj", "{E5E07C8D-ACA1-3DF6-14F9-5BF7D885D91D}"
EndProject
Global
	GlobalSection(SolutionConfigurationPlatforms) = preSolution
		Debug|Any CPU = Debug|Any CPU
		Release|Any CPU = Release|Any CPU
	EndGlobalSection
	GlobalSection(ProjectConfigurationPlatforms) = postSolution
		{E5E07C8D-ACA1-3DF6-14F9-5BF7D885D91D}.Debug|Any CPU.ActiveCfg = Debug|Any CPU
		{E5E07C8D-ACA1-3DF6-14F9-5BF7D885D91D}.Debug|Any CPU.Build.0 = Debug|Any CPU
		{E5E07C8D-ACA1-3DF6-14F9-5BF7D885D91D}.Release|Any CPU.ActiveCfg = Release|Any CPU
		{E5E07C8D-ACA1-3DF6-14F9-5BF7D885D91D}.Release|Any CPU.Build.0 = Release|Any CPU
	EndGlobalSection
	GlobalSection(SolutionProperties) = preSolution
		HideSolutionNode = FALSE
	EndGlobalSection
	GlobalSection(ExtensibilityGlobals) = postSolution
		SolutionGuid = {16CBE408-4628-4924-94CE-2B439FECDE57}
	EndGlobalSection
EndGlobal
